# THIS IS AN AUTOGENERATED FILE. DO NOT EDIT THIS FILE DIRECTLY.
# yarn lockfile v1


vee-validate@^3.3.7:
  version "3.3.7"
  resolved "https://registry.yarnpkg.com/vee-validate/-/vee-validate-3.3.7.tgz#e9c3230cd17caa4a679f56ca8dd6acb1fa46f977"
  integrity sha512-s0CfIO8U+YSAzn7q+WnNtPignsndWKQlrbp8qbJ/zCw6QMO/OKDxhFXYRdWeNWRbRktVGCkiIaYktQiY/YL3TQ==
